// !$*UTF8*$!
{
	archiveVersion = 1;
	classes = {
	};
	objectVersion = 56;
	objects = {

/* Begin PBXBuildFile section */
		9D29C69B2B5DA737007E8585 /* NumberViewCell.swift in Sources */ = {isa = PBXBuildFile; fileRef = 9D29C69A2B5DA737007E8585 /* NumberViewCell.swift */; };
		9DC67D582B5D9363003EFB68 /* AppDelegate.swift in Sources */ = {isa = PBXBuildFile; fileRef = 9DC67D572B5D9363003EFB68 /* AppDelegate.swift */; };
		9DC67D5A2B5D9363003EFB68 /* SceneDelegate.swift in Sources */ = {isa = PBXBuildFile; fileRef = 9DC67D592B5D9363003EFB68 /* SceneDelegate.swift */; };
		9DC67D5C2B5D9363003EFB68 /* PomoViewController.swift in Sources */ = {isa = PBXBuildFile; fileRef = 9DC67D5B2B5D9363003EFB68 /* PomoViewController.swift */; };
		9DC67D612B5D9365003EFB68 /* Assets.xcassets in Resources */ = {isa = PBXBuildFile; fileRef = 9DC67D602B5D9365003EFB68 /* Assets.xcassets */; };
		9DC67D642B5D9365003EFB68 /* LaunchScreen.storyboard in Resources */ = {isa = PBXBuildFile; fileRef = 9DC67D622B5D9365003EFB68 /* LaunchScreen.storyboard */; };
		9DC67D6D2B5D9646003EFB68 /* NumberView.swift in Sources */ = {isa = PBXBuildFile; fileRef = 9DC67D6C2B5D9646003EFB68 /* NumberView.swift */; };
		9DC67D6F2B5D9689003EFB68 /* PomoViewModel.swift in Sources */ = {isa = PBXBuildFile; fileRef = 9DC67D6E2B5D9689003EFB68 /* PomoViewModel.swift */; };
		9DC67D722B5D9A4B003EFB68 /* UIColor+Pomodoro.swift in Sources */ = {isa = PBXBuildFile; fileRef = 9DC67D712B5D9A4B003EFB68 /* UIColor+Pomodoro.swift */; };
		9DC67D742B5D9F13003EFB68 /* PomoTopView.swift in Sources */ = {isa = PBXBuildFile; fileRef = 9DC67D732B5D9F13003EFB68 /* PomoTopView.swift */; };
		9DC67D762B5D9F2C003EFB68 /* PomoBottomView.swift in Sources */ = {isa = PBXBuildFile; fileRef = 9DC67D752B5D9F2C003EFB68 /* PomoBottomView.swift */; };
/* End PBXBuildFile section */

/* Begin PBXFileReference section */
		9D29C69A2B5DA737007E8585 /* NumberViewCell.swift */ = {isa = PBXFileReference; lastKnownFileType = sourcecode.swift; path = NumberViewCell.swift; sourceTree = "<group>"; };
		9DC67D542B5D9363003EFB68 /* PomoUIKit.app */ = {isa = PBXFileReference; explicitFileType = wrapper.application; includeInIndex = 0; path = PomoUIKit.app; sourceTree = BUILT_PRODUCTS_DIR; };
		9DC67D572B5D9363003EFB68 /* AppDelegate.swift */ = {isa = PBXFileReference; lastKnownFileType = sourcecode.swift; path = AppDelegate.swift; sourceTree = "<group>"; };
		9DC67D592B5D9363003EFB68 /* SceneDelegate.swift */ = {isa = PBXFileReference; lastKnownFileType = sourcecode.swift; path = SceneDelegate.swift; sourceTree = "<group>"; };
		9DC67D5B2B5D9363003EFB68 /* PomoViewController.swift */ = {isa = PBXFileReference; lastKnownFileType = sourcecode.swift; path = PomoViewController.swift; sourceTree = "<group>"; };
		9DC67D602B5D9365003EFB68 /* Assets.xcassets */ = {isa = PBXFileReference; lastKnownFileType = folder.assetcatalog; path = Assets.xcassets; sourceTree = "<group>"; };
		9DC67D632B5D9365003EFB68 /* Base */ = {isa = PBXFileReference; lastKnownFileType = file.storyboard; name = Base; path = Base.lproj/LaunchScreen.storyboard; sourceTree = "<group>"; };
		9DC67D652B5D9365003EFB68 /* Info.plist */ = {isa = PBXFileReference; lastKnownFileType = text.plist.xml; path = Info.plist; sourceTree = "<group>"; };
		9DC67D6C2B5D9646003EFB68 /* NumberView.swift */ = {isa = PBXFileReference; lastKnownFileType = sourcecode.swift; path = NumberView.swift; sourceTree = "<group>"; };
		9DC67D6E2B5D9689003EFB68 /* PomoViewModel.swift */ = {isa = PBXFileReference; lastKnownFileType = sourcecode.swift; path = PomoViewModel.swift; sourceTree = "<group>"; };
		9DC67D712B5D9A4B003EFB68 /* UIColor+Pomodoro.swift */ = {isa = PBXFileReference; lastKnownFileType = sourcecode.swift; path = "UIColor+Pomodoro.swift"; sourceTree = "<group>"; };
		9DC67D732B5D9F13003EFB68 /* PomoTopView.swift */ = {isa = PBXFileReference; lastKnownFileType = sourcecode.swift; path = PomoTopView.swift; sourceTree = "<group>"; };
		9DC67D752B5D9F2C003EFB68 /* PomoBottomView.swift */ = {isa = PBXFileReference; lastKnownFileType = sourcecode.swift; path = PomoBottomView.swift; sourceTree = "<group>"; };
/* End PBXFileReference section */

/* Begin PBXFrameworksBuildPhase section */
		9DC67D512B5D9363003EFB68 /* Frameworks */ = {
			isa = PBXFrameworksBuildPhase;
			buildActionMask = 2147483647;
			files = (
			);
			runOnlyForDeploymentPostprocessing = 0;
		};
/* End PBXFrameworksBuildPhase section */

/* Begin PBXGroup section */
		9DC67D4B2B5D9363003EFB68 = {
			isa = PBXGroup;
			children = (
				9DC67D562B5D9363003EFB68 /* PomoUIKit */,
				9DC67D552B5D9363003EFB68 /* Products */,
			);
			sourceTree = "<group>";
		};
		9DC67D552B5D9363003EFB68 /* Products */ = {
			isa = PBXGroup;
			children = (
				9DC67D542B5D9363003EFB68 /* PomoUIKit.app */,
			);
			name = Products;
			sourceTree = "<group>";
		};
		9DC67D562B5D9363003EFB68 /* PomoUIKit */ = {
			isa = PBXGroup;
			children = (
				9DC67D572B5D9363003EFB68 /* AppDelegate.swift */,
				9DC67D592B5D9363003EFB68 /* SceneDelegate.swift */,
				9DC67D712B5D9A4B003EFB68 /* UIColor+Pomodoro.swift */,
				9DC67D702B5D96A9003EFB68 /* ViewModels */,
				9DC67D6B2B5D94F3003EFB68 /* Views */,
				9DC67D602B5D9365003EFB68 /* Assets.xcassets */,
				9DC67D622B5D9365003EFB68 /* LaunchScreen.storyboard */,
				9DC67D652B5D9365003EFB68 /* Info.plist */,
			);
			path = PomoUIKit;
			sourceTree = "<group>";
		};
		9DC67D6B2B5D94F3003EFB68 /* Views */ = {
			isa = PBXGroup;
			children = (
				9DC67D5B2B5D9363003EFB68 /* PomoViewController.swift */,
				9DC67D6C2B5D9646003EFB68 /* NumberView.swift */,
				9D29C69A2B5DA737007E8585 /* NumberViewCell.swift */,
				9DC67D732B5D9F13003EFB68 /* PomoTopView.swift */,
				9DC67D752B5D9F2C003EFB68 /* PomoBottomView.swift */,
			);
			path = Views;
			sourceTree = "<group>";
		};
		9DC67D702B5D96A9003EFB68 /* ViewModels */ = {
			isa = PBXGroup;
			children = (
				9DC67D6E2B5D9689003EFB68 /* PomoViewModel.swift */,
			);
			path = ViewModels;
			sourceTree = "<group>";
		};
/* End PBXGroup section */

/* Begin PBXNativeTarget section */
		9DC67D532B5D9363003EFB68 /* PomoUIKit */ = {
			isa = PBXNativeTarget;
			buildConfigurationList = 9DC67D682B5D9365003EFB68 /* Build configuration list for PBXNativeTarget "PomoUIKit" */;
			buildPhases = (
				9DC67D502B5D9363003EFB68 /* Sources */,
				9DC67D512B5D9363003EFB68 /* Frameworks */,
				9DC67D522B5D9363003EFB68 /* Resources */,
			);
			buildRules = (
			);
			dependencies = (
			);
			name = PomoUIKit;
			productName = PomoUIKit;
			productReference = 9DC67D542B5D9363003EFB68 /* PomoUIKit.app */;
			productType = "com.apple.product-type.application";
		};
/* End PBXNativeTarget section */

/* Begin PBXProject section */
		9DC67D4C2B5D9363003EFB68 /* Project object */ = {
			isa = PBXProject;
			attributes = {
				BuildIndependentTargetsInParallel = 1;
				LastSwiftUpdateCheck = 1520;
				LastUpgradeCheck = 1520;
				TargetAttributes = {
					9DC67D532B5D9363003EFB68 = {
						CreatedOnToolsVersion = 15.2;
					};
				};
			};
			buildConfigurationList = 9DC67D4F2B5D9363003EFB68 /* Build configuration list for PBXProject "PomoUIKit" */;
			compatibilityVersion = "Xcode 14.0";
			developmentRegion = en;
			hasScannedForEncodings = 0;
			knownRegions = (
				en,
				Base,
			);
			mainGroup = 9DC67D4B2B5D9363003EFB68;
			productRefGroup = 9DC67D552B5D9363003EFB68 /* Products */;
			projectDirPath = "";
			projectRoot = "";
			targets = (
				9DC67D532B5D9363003EFB68 /* PomoUIKit */,
			);
		};
/* End PBXProject section */

/* Begin PBXResourcesBuildPhase section */
		9DC67D522B5D9363003EFB68 /* Resources */ = {
			isa = PBXResourcesBuildPhase;
			buildActionMask = 2147483647;
			files = (
				9DC67D642B5D9365003EFB68 /* LaunchScreen.storyboard in Resources */,
				9DC67D612B5D9365003EFB68 /* Assets.xcassets in Resources */,
			);
			runOnlyForDeploymentPostprocessing = 0;
		};
/* End PBXResourcesBuildPhase section */

/* Begin PBXSourcesBuildPhase section */
		9DC67D502B5D9363003EFB68 /* Sources */ = {
			isa = PBXSourcesBuildPhase;
			buildActionMask = 2147483647;
			files = (
				9D29C69B2B5DA737007E8585 /* NumberViewCell.swift in Sources */,
				9DC67D5C2B5D9363003EFB68 /* PomoViewController.swift in Sources */,
				9DC67D582B5D9363003EFB68 /* AppDelegate.swift in Sources */,
				9DC67D762B5D9F2C003EFB68 /* PomoBottomView.swift in Sources */,
				9DC67D5A2B5D9363003EFB68 /* SceneDelegate.swift in Sources */,
				9DC67D6D2B5D9646003EFB68 /* NumberView.swift in Sources */,
				9DC67D722B5D9A4B003EFB68 /* UIColor+Pomodoro.swift in Sources */,
				9DC67D6F2B5D9689003EFB68 /* PomoViewModel.swift in Sources */,
				9DC67D742B5D9F13003EFB68 /* PomoTopView.swift in Sources */,
			);
			runOnlyForDeploymentPostprocessing = 0;
		};
/* End PBXSourcesBuildPhase section */

/* Begin PBXVariantGroup section */
		9DC67D622B5D9365003EFB68 /* LaunchScreen.storyboard */ = {
			isa = PBXVariantGroup;
			children = (
				9DC67D632B5D9365003EFB68 /* Base */,
			);
			name = LaunchScreen.storyboard;
			sourceTree = "<group>";
		};
/* End PBXVariantGroup section */

/* Begin XCBuildConfiguration section */
		9DC67D662B5D9365003EFB68 /* Debug */ = {
			isa = XCBuildConfiguration;
			buildSettings = {
				ALWAYS_SEARCH_USER_PATHS = NO;
				ASSETCATALOG_COMPILER_GENERATE_SWIFT_ASSET_SYMBOL_EXTENSIONS = YES;
				CLANG_ANALYZER_NONNULL = YES;
				CLANG_ANALYZER_NUMBER_OBJECT_CONVERSION = YES_AGGRESSIVE;
				CLANG_CXX_LANGUAGE_STANDARD = "gnu++20";
				CLANG_ENABLE_MODULES = YES;
				CLANG_ENABLE_OBJC_ARC = YES;
				CLANG_ENABLE_OBJC_WEAK = YES;
				CLANG_WARN_BLOCK_CAPTURE_AUTORELEASING = YES;
				CLANG_WARN_BOOL_CONVERSION = YES;
				CLANG_WARN_COMMA = YES;
				CLANG_WARN_CONSTANT_CONVERSION = YES;
				CLANG_WARN_DEPRECATED_OBJC_IMPLEMENTATIONS = YES;
				CLANG_WARN_DIRECT_OBJC_ISA_USAGE = YES_ERROR;
				CLANG_WARN_DOCUMENTATION_COMMENTS = YES;
				CLANG_WARN_EMPTY_BODY = YES;
				CLANG_WARN_ENUM_CONVERSION = YES;
				CLANG_WARN_INFINITE_RECURSION = YES;
				CLANG_WARN_INT_CONVERSION = YES;
				CLANG_WARN_NON_LITERAL_NULL_CONVERSION = YES;
				CLANG_WARN_OBJC_IMPLICIT_RETAIN_SELF = YES;
				CLANG_WARN_OBJC_LITERAL_CONVERSION = YES;
				CLANG_WARN_OBJC_ROOT_CLASS = YES_ERROR;
				CLANG_WARN_QUOTED_INCLUDE_IN_FRAMEWORK_HEADER = YES;
				CLANG_WARN_RANGE_LOOP_ANALYSIS = YES;
				CLANG_WARN_STRICT_PROTOTYPES = YES;
				CLANG_WARN_SUSPICIOUS_MOVE = YES;
				CLANG_WARN_UNGUARDED_AVAILABILITY = YES_AGGRESSIVE;
				CLANG_WARN_UNREACHABLE_CODE = YES;
				CLANG_WARN__DUPLICATE_METHOD_MATCH = YES;
				COPY_PHASE_STRIP = NO;
				DEBUG_INFORMATION_FORMAT = dwarf;
				ENABLE_STRICT_OBJC_MSGSEND = YES;
				ENABLE_TESTABILITY = YES;
				ENABLE_USER_SCRIPT_SANDBOXING = YES;
				GCC_C_LANGUAGE_STANDARD = gnu17;
				GCC_DYNAMIC_NO_PIC = NO;
				GCC_NO_COMMON_BLOCKS = YES;
				GCC_OPTIMIZATION_LEVEL = 0;
				GCC_PREPROCESSOR_DEFINITIONS = (
					"DEBUG=1",
					"$(inherited)",
				);
				GCC_WARN_64_TO_32_BIT_CONVERSION = YES;
				GCC_WARN_ABOUT_RETURN_TYPE = YES_ERROR;
				GCC_WARN_UNDECLARED_SELECTOR = YES;
				GCC_WARN_UNINITIALIZED_AUTOS = YES_AGGRESSIVE;
				GCC_WARN_UNUSED_FUNCTION = YES;
				GCC_WARN_UNUSED_VARIABLE = YES;
				IPHONEOS_DEPLOYMENT_TARGET = 17.2;
				LOCALIZATION_PREFERS_STRING_CATALOGS = YES;
				MTL_ENABLE_DEBUG_INFO = INCLUDE_SOURCE;
				MTL_FAST_MATH = YES;
				ONLY_ACTIVE_ARCH = YES;
				SDKROOT = iphoneos;
				SWIFT_ACTIVE_COMPILATION_CONDITIONS = "DEBUG $(inherited)";
				SWIFT_OPTIMIZATION_LEVEL = "-Onone";
			};
			name = Debug;
		};
		9DC67D672B5D9365003EFB68 /* Release */ = {
			isa = XCBuildConfiguration;
			buildSettings = {
				ALWAYS_SEARCH_USER_PATHS = NO;
				ASSETCATALOG_COMPILER_GENERATE_SWIFT_ASSET_SYMBOL_EXTENSIONS = YES;
				CLANG_ANALYZER_NONNULL = YES;
				CLANG_ANALYZER_NUMBER_OBJECT_CONVERSION = YES_AGGRESSIVE;
				CLANG_CXX_LANGUAGE_STANDARD = "gnu++20";
				CLANG_ENABLE_MODULES = YES;
				CLANG_ENABLE_OBJC_ARC = YES;
				CLANG_ENABLE_OBJC_WEAK = YES;
				CLANG_WARN_BLOCK_CAPTURE_AUTORELEASING = YES;
				CLANG_WARN_BOOL_CONVERSION = YES;
				CLANG_WARN_COMMA = YES;
				CLANG_WARN_CONSTANT_CONVERSION = YES;
				CLANG_WARN_DEPRECATED_OBJC_IMPLEMENTATIONS = YES;
				CLANG_WARN_DIRECT_OBJC_ISA_USAGE = YES_ERROR;
				CLANG_WARN_DOCUMENTATION_COMMENTS = YES;
				CLANG_WARN_EMPTY_BODY = YES;
				CLANG_WARN_ENUM_CONVERSION = YES;
				CLANG_WARN_INFINITE_RECURSION = YES;
				CLANG_WARN_INT_CONVERSION = YES;
				CLANG_WARN_NON_LITERAL_NULL_CONVERSION = YES;
				CLANG_WARN_OBJC_IMPLICIT_RETAIN_SELF = YES;
				CLANG_WARN_OBJC_LITERAL_CONVERSION = YES;
				CLANG_WARN_OBJC_ROOT_CLASS = YES_ERROR;
				CLANG_WARN_QUOTED_INCLUDE_IN_FRAMEWORK_HEADER = YES;
				CLANG_WARN_RANGE_LOOP_ANALYSIS = YES;
				CLANG_WARN_STRICT_PROTOTYPES = YES;
				CLANG_WARN_SUSPICIOUS_MOVE = YES;
				CLANG_WARN_UNGUARDED_AVAILABILITY = YES_AGGRESSIVE;
				CLANG_WARN_UNREACHABLE_CODE = YES;
				CLANG_WARN__DUPLICATE_METHOD_MATCH = YES;
				COPY_PHASE_STRIP = NO;
				DEBUG_INFORMATION_FORMAT = "dwarf-with-dsym";
				ENABLE_NS_ASSERTIONS = NO;
				ENABLE_STRICT_OBJC_MSGSEND = YES;
				ENABLE_USER_SCRIPT_SANDBOXING = YES;
				GCC_C_LANGUAGE_STANDARD = gnu17;
				GCC_NO_COMMON_BLOCKS = YES;
				GCC_WARN_64_TO_32_BIT_CONVERSION = YES;
				GCC_WARN_ABOUT_RETURN_TYPE = YES_ERROR;
				GCC_WARN_UNDECLARED_SELECTOR = YES;
				GCC_WARN_UNINITIALIZED_AUTOS = YES_AGGRESSIVE;
				GCC_WARN_UNUSED_FUNCTION = YES;
				GCC_WARN_UNUSED_VARIABLE = YES;
				IPHONEOS_DEPLOYMENT_TARGET = 17.2;
				LOCALIZATION_PREFERS_STRING_CATALOGS = YES;
				MTL_ENABLE_DEBUG_INFO = NO;
				MTL_FAST_MATH = YES;
				SDKROOT = iphoneos;
				SWIFT_COMPILATION_MODE = wholemodule;
				VALIDATE_PRODUCT = YES;
			};
			name = Release;
		};
		9DC67D692B5D9365003EFB68 /* Debug */ = {
			isa = XCBuildConfiguration;
			buildSettings = {
				ASSETCATALOG_COMPILER_APPICON_NAME = AppIcon;
				ASSETCATALOG_COMPILER_GLOBAL_ACCENT_COLOR_NAME = AccentColor;
				CODE_SIGN_STYLE = Automatic;
				CURRENT_PROJECT_VERSION = 1;
				DEVELOPMENT_TEAM = 434ZJX8NP2;
				GENERATE_INFOPLIST_FILE = YES;
				INFOPLIST_FILE = PomoUIKit/Info.plist;
				INFOPLIST_KEY_UIApplicationSupportsIndirectInputEvents = YES;
				INFOPLIST_KEY_UILaunchStoryboardName = LaunchScreen;
				INFOPLIST_KEY_UIMainStoryboardFile = "";
				INFOPLIST_KEY_UISupportedInterfaceOrientations_iPad = "UIInterfaceOrientationPortrait UIInterfaceOrientationPortraitUpsideDown UIInterfaceOrientationLandscapeLeft UIInterfaceOrientationLandscapeRight";
				INFOPLIST_KEY_UISupportedInterfaceOrientations_iPhone = "UIInterfaceOrientationPortrait UIInterfaceOrientationLandscapeLeft UIInterfaceOrientationLandscapeRight";
				LD_RUNPATH_SEARCH_PATHS = (
					"$(inherited)",
					"@executable_path/Frameworks",
				);
				MARKETING_VERSION = 1.0;
				PRODUCT_BUNDLE_IDENTIFIER = krze.PomoUIKit;
				PRODUCT_NAME = "$(TARGET_NAME)";
				SWIFT_EMIT_LOC_STRINGS = YES;
				SWIFT_VERSION = 5.0;
				TARGETED_DEVICE_FAMILY = "1,2";
			};
			name = Debug;
		};
		9DC67D6A2B5D9365003EFB68 /* Release */ = {
			isa = XCBuildConfiguration;
			buildSettings = {
				ASSETCATALOG_COMPILER_APPICON_NAME = AppIcon;
				ASSETCATALOG_COMPILER_GLOBAL_ACCENT_COLOR_NAME = AccentColor;
				CODE_SIGN_STYLE = Automatic;
				CURRENT_PROJECT_VERSION = 1;
				DEVELOPMENT_TEAM = 434ZJX8NP2;
				GENERATE_INFOPLIST_FILE = YES;
				INFOPLIST_FILE = PomoUIKit/Info.plist;
				INFOPLIST_KEY_UIApplicationSupportsIndirectInputEvents = YES;
				INFOPLIST_KEY_UILaunchStoryboardName = LaunchScreen;
				INFOPLIST_KEY_UIMainStoryboardFile = "";
				INFOPLIST_KEY_UISupportedInterfaceOrientations_iPad = "UIInterfaceOrientationPortrait UIInterfaceOrientationPortraitUpsideDown UIInterfaceOrientationLandscapeLeft UIInterfaceOrientationLandscapeRight";
				INFOPLIST_KEY_UISupportedInterfaceOrientations_iPhone = "UIInterfaceOrientationPortrait UIInterfaceOrientationLandscapeLeft UIInterfaceOrientationLandscapeRight";
				LD_RUNPATH_SEARCH_PATHS = (
					"$(inherited)",
					"@executable_path/Frameworks",
				);
				MARKETING_VERSION = 1.0;
				PRODUCT_BUNDLE_IDENTIFIER = krze.PomoUIKit;
				PRODUCT_NAME = "$(TARGET_NAME)";
				SWIFT_EMIT_LOC_STRINGS = YES;
				SWIFT_VERSION = 5.0;
				TARGETED_DEVICE_FAMILY = "1,2";
			};
			name = Release;
		};
/* End XCBuildConfiguration section */

/* Begin XCConfigurationList section */
		9DC67D4F2B5D9363003EFB68 /* Build configuration list for PBXProject "PomoUIKit" */ = {
			isa = XCConfigurationList;
			buildConfigurations = (
				9DC67D662B5D9365003EFB68 /* Debug */,
				9DC67D672B5D9365003EFB68 /* Release */,
			);
			defaultConfigurationIsVisible = 0;
			defaultConfigurationName = Release;
		};
		9DC67D682B5D9365003EFB68 /* Build configuration list for PBXNativeTarget "PomoUIKit" */ = {
			isa = XCConfigurationList;
			buildConfigurations = (
				9DC67D692B5D9365003EFB68 /* Debug */,
				9DC67D6A2B5D9365003EFB68 /* Release */,
			);
			defaultConfigurationIsVisible = 0;
			defaultConfigurationName = Release;
		};
/* End XCConfigurationList section */
	};
	rootObject = 9DC67D4C2B5D9363003EFB68 /* Project object */;
}
